{
  "version": 1,
  "dependencies": {
    "net10.0": {
      "Microsoft.SourceLink.GitHub": {
        "type": "Direct",
        "requested": "[10.*, )",
        "resolved": "10.0.401",
        "contentHash": "LGmlwgP1Cx37JEWzyjS0o1/+xs/s/e3E2TBSuogI5ePA/9L0pfIfeYX0k5in7Bfcw8Nn2y2sG9jXxydTjiR2Fg==",
        "dependencies": {
          "Microsoft.Build.Tasks.Git": "10.0.401",
          "Microsoft.SourceLink.Common": "10.0.401",
          "System.IO.Hashing": "10.0.12"
        }
      },
      "TranscribeCppSharp.Native.linux-arm64": {
        "type": "Direct",
        "requested": "[0.2.3, )",
        "resolved": "0.2.3",
        "contentHash": "IvOqQRJpQRXL2hp+CEr03SzBJ/TZk9EA9cAdaYcotVg8RiMZwvvMguT3+7GsXgdCI+JF9NmR41708n9qS4QE9w=="
      },
      "TranscribeCppSharp.Native.linux-x64": {
        "type": "Direct",
        "requested": "[0.2.3, )",
        "resolved": "0.2.3",
        "contentHash": "Q/hAqN96Wdiwpmzb4e3Pxeo2zBx9gKrmkbZ9vntofNd/zuXvMdF7UV9vYaMkR1lOpPV50PygxjnrDme2xi4Dqg=="
      },
      "TranscribeCppSharp.Native.osx-arm64": {
        "type": "Direct",
        "requested": "[0.2.3, )",
        "resolved": "0.2.3",
        "contentHash": "nzDY/5qCqppnharvmwxpQBufQEMiSbUxq6ScCl9CXKTSzaWvsAlJ9pFrGOxmGLXwOjA45yM/rUTa91N/D+tjLQ=="
      },
      "TranscribeCppSharp.Native.osx-x64": {
        "type": "Direct",
        "requested": "[0.2.3, )",
        "resolved": "0.2.3",
        "contentHash": "4/03BEmuaZorJkAJxbxlWmCWKa3FYkQXw4DqMEROn1EYMIpEMp2JS7ugI19Q2sN2GaXIR82lkM36XXbmMZ+3Wg=="
      },
      "TranscribeCppSharp.Native.win-x64": {
        "type": "Direct",
        "requested": "[0.2.3, )",
        "resolved": "0.2.3",
        "contentHash": "KZuDHyMjJMqBb+Q3bLzsnP8remNkLFYzORSlIa8r2Xe7m8I0XPEzCs2Xb2d4Wx7d7cPGGHV7BoR38t/lnPaerg=="
      },
      "Microsoft.Build.Tasks.Git": {
        "type": "Transitive",
        "resolved": "10.0.401",
        "contentHash": "ZYctNuT10V9IYyCFydy63DXx0ggZQuynuzQOdLvW62dPgzjIz7f0ISEP75RGiq1jFQh8p6TmGSqxeQZQ87LCig==",
        "dependencies": {
          "System.IO.Hashing": "10.0.12"
        }
      },
      "Microsoft.SourceLink.Common": {
        "type": "Transitive",
        "resolved": "10.0.401",
        "contentHash": "u3rLxIwi/9MqDFaWGE/QQgLR1NBEzLOW2lv5+9OrZPDBYIAmFdYSWCWrR1ufpXWOqFn+x02TgKropl/oDuHmgA=="
      },
      "System.IO.Hashing": {
        "type": "Transitive",
        "resolved": "10.0.12",
        "contentHash": "jDix4bBMYnpZdSPcnY+KDV6ik3SRMzpMKby/bZl/XUwIiflwRNAFZ0oOl61R/pSaveIJ8t1gs2BUlrGsPs/bcg=="
      },
      "transcribecppsharp": {
        "type": "Project",
        "dependencies": {
          "TranscribeCppSharp.Interop": "[0.2.3, )"
        }
      },
      "transcribecppsharp.interop": {
        "type": "Project"
      }
    }
  }
}